
Microsoft Visual Studio Solution File, Format Version 12.00
# Visual Studio Version 17
VisualStudioVersion = 17.7.34221.43
MinimumVisualStudioVersion = 10.0.40219.1
Project("{FAE04EC0-301F-11D3-BF4B-00C04F79EFBC}") = "ApiTest", "ApiTest\ApiTest.csproj", "{C7161DEC-3AEF-4D86-994B-5EC41E5660A1}"
EndProject
Global
	GlobalSection(SolutionConfigurationPlatforms) = preSolution
		Debug|Any CPU = Debug|Any CPU
		Release|Any CPU = Release|Any CPU
	EndGlobalSection
	GlobalSection(ProjectConfigurationPlatforms) = postSolution
		{C7161DEC-3AEF-4D86-994B-5EC41E5660A1}.Debug|Any CPU.ActiveCfg = Debug|Any CPU
		{C7161DEC-3AEF-4D86-994B-5EC41E5660A1}.Debug|Any CPU.Build.0 = Debug|Any CPU
		{C7161DEC-3AEF-4D86-994B-5EC41E5660A1}.Release|Any CPU.ActiveCfg = Release|Any CPU
		{C7161DEC-3AEF-4D86-994B-5EC41E5660A1}.Release|Any CPU.Build.0 = Release|Any CPU
	EndGlobalSection
	GlobalSection(SolutionProperties) = preSolution
		HideSolutionNode = FALSE
	EndGlobalSection
	GlobalSection(ExtensibilityGlobals) = postSolution
		SolutionGuid = {AEF3A906-41E6-4291-87EE-F4D0B6468018}
	EndGlobalSection
EndGlobal
